
Microsoft Visual Studio Solution File, Format Version 12.00
# Visual Studio Version 16
VisualStudioVersion = 16.0.29806.167
MinimumVisualStudioVersion = 10.0.40219.1
Project("{9A19103F-16F7-4668-BE54-9A1E7A4F7556}") = "SignalrDotnetCoreApi", "SignalrDotnetCoreApi\SignalrDotnetCoreApi.csproj", "{6A6C6425-DD45-4652-87A4-F533346B7B15}"
EndProject
Project("{9A19103F-16F7-4668-BE54-9A1E7A4F7556}") = "SignalrDotnetCoreApi.Database", "SignalrDotnetCoreApi.Database\SignalrDotnetCoreApi.Database.csproj", "{D67EA19F-8FF7-49DF-B6EB-BE2926AA53E8}"
EndProject
Project("{9A19103F-16F7-4668-BE54-9A1E7A4F7556}") = "SignalrDotnetCoreApi.Common", "SignalrDotnetCoreApi.Common\SignalrDotnetCoreApi.Common.csproj", "{CE2D5B16-44EC-4FD0-8BD6-55A438282167}"
EndProject
Project("{9A19103F-16F7-4668-BE54-9A1E7A4F7556}") = "SignalrDotnetCoreApi.Repository", "SignalrDotnetCoreApi.Repository\SignalrDotnetCoreApi.Repository.csproj", "{3C4B0F37-9FD9-4F75-BF03-DC9B301D6732}"
EndProject
Project("{9A19103F-16F7-4668-BE54-9A1E7A4F7556}") = "SignalrDotnetCoreApi.Tests", "SignalrDotnetCoreApi.Tests\SignalrDotnetCoreApi.Tests.csproj", "{1EBBA5A3-0D63-4407-A43B-05E1C4903C1A}"
EndProject
Project("{FAE04EC0-301F-11D3-BF4B-00C04F79EFBC}") = "SignalrDotnetCoreApi.Service", "SignalrDotnetCoreApi.Service\SignalrDotnetCoreApi.Service.csproj", "{AE44F4B9-C02E-4E53-8E28-5A2601663E6A}"
EndProject
Global
	GlobalSection(SolutionConfigurationPlatforms) = preSolution
		Debug|Any CPU = Debug|Any CPU
		Release|Any CPU = Release|Any CPU
	EndGlobalSection
	GlobalSection(ProjectConfigurationPlatforms) = postSolution
		{6A6C6425-DD45-4652-87A4-F533346B7B15}.Debug|Any CPU.ActiveCfg = Debug|Any CPU
		{6A6C6425-DD45-4652-87A4-F533346B7B15}.Debug|Any CPU.Build.0 = Debug|Any CPU
		{6A6C6425-DD45-4652-87A4-F533346B7B15}.Release|Any CPU.ActiveCfg = Release|Any CPU
		{6A6C6425-DD45-4652-87A4-F533346B7B15}.Release|Any CPU.Build.0 = Release|Any CPU
		{D67EA19F-8FF7-49DF-B6EB-BE2926AA53E8}.Debug|Any CPU.ActiveCfg = Debug|Any CPU
		{D67EA19F-8FF7-49DF-B6EB-BE2926AA53E8}.Debug|Any CPU.Build.0 = Debug|Any CPU
		{D67EA19F-8FF7-49DF-B6EB-BE2926AA53E8}.Release|Any CPU.ActiveCfg = Release|Any CPU
		{D67EA19F-8FF7-49DF-B6EB-BE2926AA53E8}.Release|Any CPU.Build.0 = Release|Any CPU
		{CE2D5B16-44EC-4FD0-8BD6-55A438282167}.Debug|Any CPU.ActiveCfg = Debug|Any CPU
		{CE2D5B16-44EC-4FD0-8BD6-55A438282167}.Debug|Any CPU.Build.0 = Debug|Any CPU
		{CE2D5B16-44EC-4FD0-8BD6-55A438282167}.Release|Any CPU.ActiveCfg = Release|Any CPU
		{CE2D5B16-44EC-4FD0-8BD6-55A438282167}.Release|Any CPU.Build.0 = Release|Any CPU
		{3C4B0F37-9FD9-4F75-BF03-DC9B301D6732}.Debug|Any CPU.ActiveCfg = Debug|Any CPU
		{3C4B0F37-9FD9-4F75-BF03-DC9B301D6732}.Debug|Any CPU.Build.0 = Debug|Any CPU
		{3C4B0F37-9FD9-4F75-BF03-DC9B301D6732}.Release|Any CPU.ActiveCfg = Release|Any CPU
		{3C4B0F37-9FD9-4F75-BF03-DC9B301D6732}.Release|Any CPU.Build.0 = Release|Any CPU
		{1EBBA5A3-0D63-4407-A43B-05E1C4903C1A}.Debug|Any CPU.ActiveCfg = Debug|Any CPU
		{1EBBA5A3-0D63-4407-A43B-05E1C4903C1A}.Debug|Any CPU.Build.0 = Debug|Any CPU
		{1EBBA5A3-0D63-4407-A43B-05E1C4903C1A}.Release|Any CPU.ActiveCfg = Release|Any CPU
		{1EBBA5A3-0D63-4407-A43B-05E1C4903C1A}.Release|Any CPU.Build.0 = Release|Any CPU
		{AE44F4B9-C02E-4E53-8E28-5A2601663E6A}.Debug|Any CPU.ActiveCfg = Debug|Any CPU
		{AE44F4B9-C02E-4E53-8E28-5A2601663E6A}.Debug|Any CPU.Build.0 = Debug|Any CPU
		{AE44F4B9-C02E-4E53-8E28-5A2601663E6A}.Release|Any CPU.ActiveCfg = Release|Any CPU
		{AE44F4B9-C02E-4E53-8E28-5A2601663E6A}.Release|Any CPU.Build.0 = Release|Any CPU
	EndGlobalSection
	GlobalSection(SolutionProperties) = preSolution
		HideSolutionNode = FALSE
	EndGlobalSection
	GlobalSection(ExtensibilityGlobals) = postSolution
		SolutionGuid = {D524909F-D821-41EE-8EC5-4968C5F980C5}
	EndGlobalSection
EndGlobal
